// !$*UTF8*$!
{
	archiveVersion = 1;
	classes = {
	};
	objectVersion = 46;
	objects = {

/* Begin PBXBuildFile section */
		D2908BBB1DEAC8C2003182C9 /* main.m in Sources */ = {isa = PBXBuildFile; fileRef = D2908BBA1DEAC8C2003182C9 /* main.m */; };
		D2908BBE1DEAC8C2003182C9 /* AppDelegate.m in Sources */ = {isa = PBXBuildFile; fileRef = D2908BBD1DEAC8C2003182C9 /* AppDelegate.m */; };
		D2908BC11DEAC8C2003182C9 /* ViewController.m in Sources */ = {isa = PBXBuildFile; fileRef = D2908BC01DEAC8C2003182C9 /* ViewController.m */; };
		D2908BC41DEAC8C2003182C9 /* Main.storyboard in Resources */ = {isa = PBXBuildFile; fileRef = D2908BC21DEAC8C2003182C9 /* Main.storyboard */; };
		D2908BC61DEAC8C2003182C9 /* Assets.xcassets in Resources */ = {isa = PBXBuildFile; fileRef = D2908BC51DEAC8C2003182C9 /* Assets.xcassets */; };
		D2908BC91DEAC8C2003182C9 /* LaunchScreen.storyboard in Resources */ = {isa = PBXBuildFile; fileRef = D2908BC71DEAC8C2003182C9 /* LaunchScreen.storyboard */; };
		D2908BD41DEAC8C2003182C9 /* JavascriptCoreTests.m in Sources */ = {isa = PBXBuildFile; fileRef = D2908BD31DEAC8C2003182C9 /* JavascriptCoreTests.m */; };
		D2908BDF1DEAC8C2003182C9 /* JavascriptCoreUITests.m in Sources */ = {isa = PBXBuildFile; fileRef = D2908BDE1DEAC8C2003182C9 /* JavascriptCoreUITests.m */; };
/* End PBXBuildFile section */

/* Begin PBXContainerItemProxy section */
		D2908BD01DEAC8C2003182C9 /* PBXContainerItemProxy */ = {
			isa = PBXContainerItemProxy;
			containerPortal = D2908BAE1DEAC8C2003182C9 /* Project object */;
			proxyType = 1;
			remoteGlobalIDString = D2908BB51DEAC8C2003182C9;
			remoteInfo = JavascriptCore;
		};
		D2908BDB1DEAC8C2003182C9 /* PBXContainerItemProxy */ = {
			isa = PBXContainerItemProxy;
			containerPortal = D2908BAE1DEAC8C2003182C9 /* Project object */;
			proxyType = 1;
			remoteGlobalIDString = D2908BB51DEAC8C2003182C9;
			remoteInfo = JavascriptCore;
		};
/* End PBXContainerItemProxy section */

/* Begin PBXFileReference section */
		D2908BB61DEAC8C2003182C9 /* JavascriptCore.app */ = {isa = PBXFileReference; explicitFileType = wrapper.application; includeInIndex = 0; path = JavascriptCore.app; sourceTree = BUILT_PRODUCTS_DIR; };
		D2908BBA1DEAC8C2003182C9 /* main.m */ = {isa = PBXFileReference; lastKnownFileType = sourcecode.c.objc; path = main.m; sourceTree = "<group>"; };
		D2908BBC1DEAC8C2003182C9 /* AppDelegate.h */ = {isa = PBXFileReference; lastKnownFileType = sourcecode.c.h; path = AppDelegate.h; sourceTree = "<group>"; };
		D2908BBD1DEAC8C2003182C9 /* AppDelegate.m */ = {isa = PBXFileReference; lastKnownFileType = sourcecode.c.objc; path = AppDelegate.m; sourceTree = "<group>"; };
		D2908BBF1DEAC8C2003182C9 /* ViewController.h */ = {isa = PBXFileReference; lastKnownFileType = sourcecode.c.h; path = ViewController.h; sourceTree = "<group>"; };
		D2908BC01DEAC8C2003182C9 /* ViewController.m */ = {isa = PBXFileReference; lastKnownFileType = sourcecode.c.objc; path = ViewController.m; sourceTree = "<group>"; };
		D2908BC31DEAC8C2003182C9 /* Base */ = {isa = PBXFileReference; lastKnownFileType = file.storyboard; name = Base; path = Base.lproj/Main.storyboard; sourceTree = "<group>"; };
		D2908BC51DEAC8C2003182C9 /* Assets.xcassets */ = {isa = PBXFileReference; lastKnownFileType = folder.assetcatalog; path = Assets.xcassets; sourceTree = "<group>"; };
		D2908BC81DEAC8C2003182C9 /* Base */ = {isa = PBXFileReference; lastKnownFileType = file.storyboard; name = Base; path = Base.lproj/LaunchScreen.storyboard; sourceTree = "<group>"; };
		D2908BCA1DEAC8C2003182C9 /* Info.plist */ = {isa = PBXFileReference; lastKnownFileType = text.plist.xml; path = Info.plist; sourceTree = "<group>"; };
		D2908BCF1DEAC8C2003182C9 /* JavascriptCoreTests.xctest */ = {isa = PBXFileReference; explicitFileType = wrapper.cfbundle; includeInIndex = 0; path = JavascriptCoreTests.xctest; sourceTree = BUILT_PRODUCTS_DIR; };
		D2908BD31DEAC8C2003182C9 /* JavascriptCoreTests.m */ = {isa = PBXFileReference; lastKnownFileType = sourcecode.c.objc; path = JavascriptCoreTests.m; sourceTree = "<group>"; };
		D2908BD51DEAC8C2003182C9 /* Info.plist */ = {isa = PBXFileReference; lastKnownFileType = text.plist.xml; path = Info.plist; sourceTree = "<group>"; };
		D2908BDA1DEAC8C2003182C9 /* JavascriptCoreUITests.xctest */ = {isa = PBXFileReference; explicitFileType = wrapper.cfbundle; includeInIndex = 0; path = JavascriptCoreUITests.xctest; sourceTree = BUILT_PRODUCTS_DIR; };
		D2908BDE1DEAC8C2003182C9 /* JavascriptCoreUITests.m */ = {isa = PBXFileReference; lastKnownFileType = sourcecode.c.objc; path = JavascriptCoreUITests.m; sourceTree = "<group>"; };
		D2908BE01DEAC8C2003182C9 /* Info.plist */ = {isa = PBXFileReference; lastKnownFileType = text.plist.xml; path = Info.plist; sourceTree = "<group>"; };
/* End PBXFileReference section */

/* Begin PBXFrameworksBuildPhase section */
		D2908BB31DEAC8C2003182C9 /* Frameworks */ = {
			isa = PBXFrameworksBuildPhase;
			buildActionMask = 2147483647;
			files = (
			);
			runOnlyForDeploymentPostprocessing = 0;
		};
		D2908BCC1DEAC8C2003182C9 /* Frameworks */ = {
			isa = PBXFrameworksBuildPhase;
			buildActionMask = 2147483647;
			files = (
			);
			runOnlyForDeploymentPostprocessing = 0;
		};
		D2908BD71DEAC8C2003182C9 /* Frameworks */ = {
			isa = PBXFrameworksBuildPhase;
			buildActionMask = 2147483647;
			files = (
			);
			runOnlyForDeploymentPostprocessing = 0;
		};
/* End PBXFrameworksBuildPhase section */

/* Begin PBXGroup section */
		D2908BAD1DEAC8C2003182C9 = {
			isa = PBXGroup;
			children = (
				D2908BB81DEAC8C2003182C9 /* JavascriptCore */,
				D2908BD21DEAC8C2003182C9 /* JavascriptCoreTests */,
				D2908BDD1DEAC8C2003182C9 /* JavascriptCoreUITests */,
				D2908BB71DEAC8C2003182C9 /* Products */,
			);
			sourceTree = "<group>";
		};
		D2908BB71DEAC8C2003182C9 /* Products */ = {
			isa = PBXGroup;
			children = (
				D2908BB61DEAC8C2003182C9 /* JavascriptCore.app */,
				D2908BCF1DEAC8C2003182C9 /* JavascriptCoreTests.xctest */,
				D2908BDA1DEAC8C2003182C9 /* JavascriptCoreUITests.xctest */,
			);
			name = Products;
			sourceTree = "<group>";
		};
		D2908BB81DEAC8C2003182C9 /* JavascriptCore */ = {
			isa = PBXGroup;
			children = (
				D2908BBC1DEAC8C2003182C9 /* AppDelegate.h */,
				D2908BBD1DEAC8C2003182C9 /* AppDelegate.m */,
				D2908BBF1DEAC8C2003182C9 /* ViewController.h */,
				D2908BC01DEAC8C2003182C9 /* ViewController.m */,
				D2908BC21DEAC8C2003182C9 /* Main.storyboard */,
				D2908BC51DEAC8C2003182C9 /* Assets.xcassets */,
				D2908BC71DEAC8C2003182C9 /* LaunchScreen.storyboard */,
				D2908BCA1DEAC8C2003182C9 /* Info.plist */,
				D2908BB91DEAC8C2003182C9 /* Supporting Files */,
			);
			path = JavascriptCore;
			sourceTree = "<group>";
		};
		D2908BB91DEAC8C2003182C9 /* Supporting Files */ = {
			isa = PBXGroup;
			children = (
				D2908BBA1DEAC8C2003182C9 /* main.m */,
			);
			name = "Supporting Files";
			sourceTree = "<group>";
		};
		D2908BD21DEAC8C2003182C9 /* JavascriptCoreTests */ = {
			isa = PBXGroup;
			children = (
				D2908BD31DEAC8C2003182C9 /* JavascriptCoreTests.m */,
				D2908BD51DEAC8C2003182C9 /* Info.plist */,
			);
			path = JavascriptCoreTests;
			sourceTree = "<group>";
		};
		D2908BDD1DEAC8C2003182C9 /* JavascriptCoreUITests */ = {
			isa = PBXGroup;
			children = (
				D2908BDE1DEAC8C2003182C9 /* JavascriptCoreUITests.m */,
				D2908BE01DEAC8C2003182C9 /* Info.plist */,
			);
			path = JavascriptCoreUITests;
			sourceTree = "<group>";
		};
/* End PBXGroup section */

/* Begin PBXNativeTarget section */
		D2908BB51DEAC8C2003182C9 /* JavascriptCore */ = {
			isa = PBXNativeTarget;
			buildConfigurationList = D2908BE31DEAC8C2003182C9 /* Build configuration list for PBXNativeTarget "JavascriptCore" */;
			buildPhases = (
				D2908BB21DEAC8C2003182C9 /* Sources */,
				D2908BB31DEAC8C2003182C9 /* Frameworks */,
				D2908BB41DEAC8C2003182C9 /* Resources */,
			);
			buildRules = (
			);
			dependencies = (
			);
			name = JavascriptCore;
			productName = JavascriptCore;
			productReference = D2908BB61DEAC8C2003182C9 /* JavascriptCore.app */;
			productType = "com.apple.product-type.application";
		};
		D2908BCE1DEAC8C2003182C9 /* JavascriptCoreTests */ = {
			isa = PBXNativeTarget;
			buildConfigurationList = D2908BE61DEAC8C2003182C9 /* Build configuration list for PBXNativeTarget "JavascriptCoreTests" */;
			buildPhases = (
				D2908BCB1DEAC8C2003182C9 /* Sources */,
				D2908BCC1DEAC8C2003182C9 /* Frameworks */,
				D2908BCD1DEAC8C2003182C9 /* Resources */,
			);
			buildRules = (
			);
			dependencies = (
				D2908BD11DEAC8C2003182C9 /* PBXTargetDependency */,
			);
			name = JavascriptCoreTests;
			productName = JavascriptCoreTests;
			productReference = D2908BCF1DEAC8C2003182C9 /* JavascriptCoreTests.xctest */;
			productType = "com.apple.product-type.bundle.unit-test";
		};
		D2908BD91DEAC8C2003182C9 /* JavascriptCoreUITests */ = {
			isa = PBXNativeTarget;
			buildConfigurationList = D2908BE91DEAC8C2003182C9 /* Build configuration list for PBXNativeTarget "JavascriptCoreUITests" */;
			buildPhases = (
				D2908BD61DEAC8C2003182C9 /* Sources */,
				D2908BD71DEAC8C2003182C9 /* Frameworks */,
				D2908BD81DEAC8C2003182C9 /* Resources */,
			);
			buildRules = (
			);
			dependencies = (
				D2908BDC1DEAC8C2003182C9 /* PBXTargetDependency */,
			);
			name = JavascriptCoreUITests;
			productName = JavascriptCoreUITests;
			productReference = D2908BDA1DEAC8C2003182C9 /* JavascriptCoreUITests.xctest */;
			productType = "com.apple.product-type.bundle.ui-testing";
		};
/* End PBXNativeTarget section */

/* Begin PBXProject section */
		D2908BAE1DEAC8C2003182C9 /* Project object */ = {
			isa = PBXProject;
			attributes = {
				LastUpgradeCheck = 0800;
				ORGANIZATIONNAME = "王浩";
				TargetAttributes = {
					D2908BB51DEAC8C2003182C9 = {
						CreatedOnToolsVersion = 8.0;
						ProvisioningStyle = Automatic;
					};
					D2908BCE1DEAC8C2003182C9 = {
						CreatedOnToolsVersion = 8.0;
						ProvisioningStyle = Automatic;
						TestTargetID = D2908BB51DEAC8C2003182C9;
					};
					D2908BD91DEAC8C2003182C9 = {
						CreatedOnToolsVersion = 8.0;
						ProvisioningStyle = Automatic;
						TestTargetID = D2908BB51DEAC8C2003182C9;
					};
				};
			};
			buildConfigurationList = D2908BB11DEAC8C2003182C9 /* Build configuration list for PBXProject "JavascriptCore" */;
			compatibilityVersion = "Xcode 3.2";
			developmentRegion = English;
			hasScannedForEncodings = 0;
			knownRegions = (
				en,
				Base,
			);
			mainGroup = D2908BAD1DEAC8C2003182C9;
			productRefGroup = D2908BB71DEAC8C2003182C9 /* Products */;
			projectDirPath = "";
			projectRoot = "";
			targets = (
				D2908BB51DEAC8C2003182C9 /* JavascriptCore */,
				D2908BCE1DEAC8C2003182C9 /* JavascriptCoreTests */,
				D2908BD91DEAC8C2003182C9 /* JavascriptCoreUITests */,
			);
		};
/* End PBXProject section */

/* Begin PBXResourcesBuildPhase section */
		D2908BB41DEAC8C2003182C9 /* Resources */ = {
			isa = PBXResourcesBuildPhase;
			buildActionMask = 2147483647;
			files = (
				D2908BC91DEAC8C2003182C9 /* LaunchScreen.storyboard in Resources */,
				D2908BC61DEAC8C2003182C9 /* Assets.xcassets in Resources */,
				D2908BC41DEAC8C2003182C9 /* Main.storyboard in Resources */,
			);
			runOnlyForDeploymentPostprocessing = 0;
		};
		D2908BCD1DEAC8C2003182C9 /* Resources */ = {
			isa = PBXResourcesBuildPhase;
			buildActionMask = 2147483647;
			files = (
			);
			runOnlyForDeploymentPostprocessing = 0;
		};
		D2908BD81DEAC8C2003182C9 /* Resources */ = {
			isa = PBXResourcesBuildPhase;
			buildActionMask = 2147483647;
			files = (
			);
			runOnlyForDeploymentPostprocessing = 0;
		};
/* End PBXResourcesBuildPhase section */

/* Begin PBXSourcesBuildPhase section */
		D2908BB21DEAC8C2003182C9 /* Sources */ = {
			isa = PBXSourcesBuildPhase;
			buildActionMask = 2147483647;
			files = (
				D2908BC11DEAC8C2003182C9 /* ViewController.m in Sources */,
				D2908BBE1DEAC8C2003182C9 /* AppDelegate.m in Sources */,
				D2908BBB1DEAC8C2003182C9 /* main.m in Sources */,
			);
			runOnlyForDeploymentPostprocessing = 0;
		};
		D2908BCB1DEAC8C2003182C9 /* Sources */ = {
			isa = PBXSourcesBuildPhase;
			buildActionMask = 2147483647;
			files = (
				D2908BD41DEAC8C2003182C9 /* JavascriptCoreTests.m in Sources */,
			);
			runOnlyForDeploymentPostprocessing = 0;
		};
		D2908BD61DEAC8C2003182C9 /* Sources */ = {
			isa = PBXSourcesBuildPhase;
			buildActionMask = 2147483647;
			files = (
				D2908BDF1DEAC8C2003182C9 /* JavascriptCoreUITests.m in Sources */,
			);
			runOnlyForDeploymentPostprocessing = 0;
		};
/* End PBXSourcesBuildPhase section */

/* Begin PBXTargetDependency section */
		D2908BD11DEAC8C2003182C9 /* PBXTargetDependency */ = {
			isa = PBXTargetDependency;
			target = D2908BB51DEAC8C2003182C9 /* JavascriptCore */;
			targetProxy = D2908BD01DEAC8C2003182C9 /* PBXContainerItemProxy */;
		};
		D2908BDC1DEAC8C2003182C9 /* PBXTargetDependency */ = {
			isa = PBXTargetDependency;
			target = D2908BB51DEAC8C2003182C9 /* JavascriptCore */;
			targetProxy = D2908BDB1DEAC8C2003182C9 /* PBXContainerItemProxy */;
		};
/* End PBXTargetDependency section */

/* Begin PBXVariantGroup section */
		D2908BC21DEAC8C2003182C9 /* Main.storyboard */ = {
			isa = PBXVariantGroup;
			children = (
				D2908BC31DEAC8C2003182C9 /* Base */,
			);
			name = Main.storyboard;
			sourceTree = "<group>";
		};
		D2908BC71DEAC8C2003182C9 /* LaunchScreen.storyboard */ = {
			isa = PBXVariantGroup;
			children = (
				D2908BC81DEAC8C2003182C9 /* Base */,
			);
			name = LaunchScreen.storyboard;
			sourceTree = "<group>";
		};
/* End PBXVariantGroup section */

/* Begin XCBuildConfiguration section */
		D2908BE11DEAC8C2003182C9 /* Debug */ = {
			isa = XCBuildConfiguration;
			buildSettings = {
				ALWAYS_SEARCH_USER_PATHS = NO;
				CLANG_ANALYZER_NONNULL = YES;
				CLANG_CXX_LANGUAGE_STANDARD = "gnu++0x";
				CLANG_CXX_LIBRARY = "libc++";
				CLANG_ENABLE_MODULES = YES;
				CLANG_ENABLE_OBJC_ARC = YES;
				CLANG_WARN_BOOL_CONVERSION = YES;
				CLANG_WARN_CONSTANT_CONVERSION = YES;
				CLANG_WARN_DIRECT_OBJC_ISA_USAGE = YES_ERROR;
				CLANG_WARN_DOCUMENTATION_COMMENTS = YES;
				CLANG_WARN_EMPTY_BODY = YES;
				CLANG_WARN_ENUM_CONVERSION = YES;
				CLANG_WARN_INFINITE_RECURSION = YES;
				CLANG_WARN_INT_CONVERSION = YES;
				CLANG_WARN_OBJC_ROOT_CLASS = YES_ERROR;
				CLANG_WARN_SUSPICIOUS_MOVES = YES;
				CLANG_WARN_UNREACHABLE_CODE = YES;
				CLANG_WARN__DUPLICATE_METHOD_MATCH = YES;
				"CODE_SIGN_IDENTITY[sdk=iphoneos*]" = "iPhone Developer";
				COPY_PHASE_STRIP = NO;
				DEBUG_INFORMATION_FORMAT = dwarf;
				ENABLE_STRICT_OBJC_MSGSEND = YES;
				ENABLE_TESTABILITY = YES;
				GCC_C_LANGUAGE_STANDARD = gnu99;
				GCC_DYNAMIC_NO_PIC = NO;
				GCC_NO_COMMON_BLOCKS = YES;
				GCC_OPTIMIZATION_LEVEL = 0;
				GCC_PREPROCESSOR_DEFINITIONS = (
					"DEBUG=1",
					"$(inherited)",
				);
				GCC_WARN_64_TO_32_BIT_CONVERSION = YES;
				GCC_WARN_ABOUT_RETURN_TYPE = YES_ERROR;
				GCC_WARN_UNDECLARED_SELECTOR = YES;
				GCC_WARN_UNINITIALIZED_AUTOS = YES_AGGRESSIVE;
				GCC_WARN_UNUSED_FUNCTION = YES;
				GCC_WARN_UNUSED_VARIABLE = YES;
				IPHONEOS_DEPLOYMENT_TARGET = 10.0;
				MTL_ENABLE_DEBUG_INFO = YES;
				ONLY_ACTIVE_ARCH = YES;
				SDKROOT = iphoneos;
				TARGETED_DEVICE_FAMILY = "1,2";
			};
			name = Debug;
		};
		D2908BE21DEAC8C2003182C9 /* Release */ = {
			isa = XCBuildConfiguration;
			buildSettings = {
				ALWAYS_SEARCH_USER_PATHS = NO;
				CLANG_ANALYZER_NONNULL = YES;
				CLANG_CXX_LANGUAGE_STANDARD = "gnu++0x";
				CLANG_CXX_LIBRARY = "libc++";
				CLANG_ENABLE_MODULES = YES;
				CLANG_ENABLE_OBJC_ARC = YES;
				CLANG_WARN_BOOL_CONVERSION = YES;
				CLANG_WARN_CONSTANT_CONVERSION = YES;
				CLANG_WARN_DIRECT_OBJC_ISA_USAGE = YES_ERROR;
				CLANG_WARN_DOCUMENTATION_COMMENTS = YES;
				CLANG_WARN_EMPTY_BODY = YES;
				CLANG_WARN_ENUM_CONVERSION = YES;
				CLANG_WARN_INFINITE_RECURSION = YES;
				CLANG_WARN_INT_CONVERSION = YES;
				CLANG_WARN_OBJC_ROOT_CLASS = YES_ERROR;
				CLANG_WARN_SUSPICIOUS_MOVES = YES;
				CLANG_WARN_UNREACHABLE_CODE = YES;
				CLANG_WARN__DUPLICATE_METHOD_MATCH = YES;
				"CODE_SIGN_IDENTITY[sdk=iphoneos*]" = "iPhone Developer";
				COPY_PHASE_STRIP = NO;
				DEBUG_INFORMATION_FORMAT = "dwarf-with-dsym";
				ENABLE_NS_ASSERTIONS = NO;
				ENABLE_STRICT_OBJC_MSGSEND = YES;
				GCC_C_LANGUAGE_STANDARD = gnu99;
				GCC_NO_COMMON_BLOCKS = YES;
				GCC_WARN_64_TO_32_BIT_CONVERSION = YES;
				GCC_WARN_ABOUT_RETURN_TYPE = YES_ERROR;
				GCC_WARN_UNDECLARED_SELECTOR = YES;
				GCC_WARN_UNINITIALIZED_AUTOS = YES_AGGRESSIVE;
				GCC_WARN_UNUSED_FUNCTION = YES;
				GCC_WARN_UNUSED_VARIABLE = YES;
				IPHONEOS_DEPLOYMENT_TARGET = 10.0;
				MTL_ENABLE_DEBUG_INFO = NO;
				SDKROOT = iphoneos;
				TARGETED_DEVICE_FAMILY = "1,2";
				VALIDATE_PRODUCT = YES;
			};
			name = Release;
		};
		D2908BE41DEAC8C2003182C9 /* Debug */ = {
			isa = XCBuildConfiguration;
			buildSettings = {
				ASSETCATALOG_COMPILER_APPICON_NAME = AppIcon;
				INFOPLIST_FILE = JavascriptCore/Info.plist;
				LD_RUNPATH_SEARCH_PATHS = "$(inherited) @executable_path/Frameworks";
				PRODUCT_BUNDLE_IDENTIFIER = HaoWang.JavascriptCore;
				PRODUCT_NAME = "$(TARGET_NAME)";
			};
			name = Debug;
		};
		D2908BE51DEAC8C2003182C9 /* Release */ = {
			isa = XCBuildConfiguration;
			buildSettings = {
				ASSETCATALOG_COMPILER_APPICON_NAME = AppIcon;
				INFOPLIST_FILE = JavascriptCore/Info.plist;
				LD_RUNPATH_SEARCH_PATHS = "$(inherited) @executable_path/Frameworks";
				PRODUCT_BUNDLE_IDENTIFIER = HaoWang.JavascriptCore;
				PRODUCT_NAME = "$(TARGET_NAME)";
			};
			name = Release;
		};
		D2908BE71DEAC8C2003182C9 /* Debug */ = {
			isa = XCBuildConfiguration;
			buildSettings = {
				BUNDLE_LOADER = "$(TEST_HOST)";
				INFOPLIST_FILE = JavascriptCoreTests/Info.plist;
				LD_RUNPATH_SEARCH_PATHS = "$(inherited) @executable_path/Frameworks @loader_path/Frameworks";
				PRODUCT_BUNDLE_IDENTIFIER = HaoWang.JavascriptCoreTests;
				PRODUCT_NAME = "$(TARGET_NAME)";
				TEST_HOST = "$(BUILT_PRODUCTS_DIR)/JavascriptCore.app/JavascriptCore";
			};
			name = Debug;
		};
		D2908BE81DEAC8C2003182C9 /* Release */ = {
			isa = XCBuildConfiguration;
			buildSettings = {
				BUNDLE_LOADER = "$(TEST_HOST)";
				INFOPLIST_FILE = JavascriptCoreTests/Info.plist;
				LD_RUNPATH_SEARCH_PATHS = "$(inherited) @executable_path/Frameworks @loader_path/Frameworks";
				PRODUCT_BUNDLE_IDENTIFIER = HaoWang.JavascriptCoreTests;
				PRODUCT_NAME = "$(TARGET_NAME)";
				TEST_HOST = "$(BUILT_PRODUCTS_DIR)/JavascriptCore.app/JavascriptCore";
			};
			name = Release;
		};
		D2908BEA1DEAC8C2003182C9 /* Debug */ = {
			isa = XCBuildConfiguration;
			buildSettings = {
				INFOPLIST_FILE = JavascriptCoreUITests/Info.plist;
				LD_RUNPATH_SEARCH_PATHS = "$(inherited) @executable_path/Frameworks @loader_path/Frameworks";
				PRODUCT_BUNDLE_IDENTIFIER = HaoWang.JavascriptCoreUITests;
				PRODUCT_NAME = "$(TARGET_NAME)";
				TEST_TARGET_NAME = JavascriptCore;
			};
			name = Debug;
		};
		D2908BEB1DEAC8C2003182C9 /* Release */ = {
			isa = XCBuildConfiguration;
			buildSettings = {
				INFOPLIST_FILE = JavascriptCoreUITests/Info.plist;
				LD_RUNPATH_SEARCH_PATHS = "$(inherited) @executable_path/Frameworks @loader_path/Frameworks";
				PRODUCT_BUNDLE_IDENTIFIER = HaoWang.JavascriptCoreUITests;
				PRODUCT_NAME = "$(TARGET_NAME)";
				TEST_TARGET_NAME = JavascriptCore;
			};
			name = Release;
		};
/* End XCBuildConfiguration section */

/* Begin XCConfigurationList section */
		D2908BB11DEAC8C2003182C9 /* Build configuration list for PBXProject "JavascriptCore" */ = {
			isa = XCConfigurationList;
			buildConfigurations = (
				D2908BE11DEAC8C2003182C9 /* Debug */,
				D2908BE21DEAC8C2003182C9 /* Release */,
			);
			defaultConfigurationIsVisible = 0;
			defaultConfigurationName = Release;
		};
		D2908BE31DEAC8C2003182C9 /* Build configuration list for PBXNativeTarget "JavascriptCore" */ = {
			isa = XCConfigurationList;
			buildConfigurations = (
				D2908BE41DEAC8C2003182C9 /* Debug */,
				D2908BE51DEAC8C2003182C9 /* Release */,
			);
			defaultConfigurationIsVisible = 0;
		};
		D2908BE61DEAC8C2003182C9 /* Build configuration list for PBXNativeTarget "JavascriptCoreTests" */ = {
			isa = XCConfigurationList;
			buildConfigurations = (
				D2908BE71DEAC8C2003182C9 /* Debug */,
				D2908BE81DEAC8C2003182C9 /* Release */,
			);
			defaultConfigurationIsVisible = 0;
		};
		D2908BE91DEAC8C2003182C9 /* Build configuration list for PBXNativeTarget "JavascriptCoreUITests" */ = {
			isa = XCConfigurationList;
			buildConfigurations = (
				D2908BEA1DEAC8C2003182C9 /* Debug */,
				D2908BEB1DEAC8C2003182C9 /* Release */,
			);
			defaultConfigurationIsVisible = 0;
		};
/* End XCConfigurationList section */
	};
	rootObject = D2908BAE1DEAC8C2003182C9 /* Project object */;
}
